# THIS IS AN AUTOGENERATED FILE. DO NOT EDIT THIS FILE DIRECTLY.
# yarn lockfile v1


"@quasar/extras@^1.16.16":
  version "1.16.16"
  resolved "https://registry.yarnpkg.com/@quasar/extras/-/extras-1.16.16.tgz#3cb8a8b7613245d5f6e830dea9927999fd381d8c"
  integrity sha512-aswGUbEyLvt45KB1u6hBD3s82KnOdkqTn6YVu3xX5aGgwQkCWPyqb3FMTEHG+4+gGTMp4pIcnng96RlqswQctQ==
